
Microsoft Visual Studio Solution File, Format Version 12.00
# Visual Studio Version 17
VisualStudioVersion = 17.13.35919.96
MinimumVisualStudioVersion = 10.0.40219.1
Project("{8BC9CEB8-8B4A-11D0-8D11-00A0C91BC942}") = "Program", "Program.vcxproj", "{A1F1E2C3-2E8C-496A-B421-A874241A2B01}"
EndProject
Project("{8BC9CEB8-8B4A-11D0-8D11-00A0C91BC942}") = "Class1th (Compile)", "..\Class1th (Compile)\Class1th (Compile).vcxproj", "{368F820F-4FFF-4D5D-90C2-B1D93210F26E}"
EndProject
Project("{8BC9CEB8-8B4A-11D0-8D11-00A0C91BC942}") = "Class2th (Variable & Constant)", "..\Class2th (Variable & Constant)\Class2th (Variable & Constant).vcxproj", "{F8D58DBB-D0B9-4B67-BC6F-F347E16D9209}"
EndProject
Project("{8BC9CEB8-8B4A-11D0-8D11-00A0C91BC942}") = "Class3th (Bit)", "..\Class3th (Bit)\Class3th (Bit).vcxproj", "{427E3D59-D0E1-45EE-B142-3FE07784275C}"
EndProject
Global
	GlobalSection(SolutionConfigurationPlatforms) = preSolution
		Debug|x64 = Debug|x64
		Debug|x86 = Debug|x86
		Release|x64 = Release|x64
		Release|x86 = Release|x86
	EndGlobalSection
	GlobalSection(ProjectConfigurationPlatforms) = postSolution
		{A1F1E2C3-2E8C-496A-B421-A874241A2B01}.Debug|x64.ActiveCfg = Debug|x64
		{A1F1E2C3-2E8C-496A-B421-A874241A2B01}.Debug|x64.Build.0 = Debug|x64
		{A1F1E2C3-2E8C-496A-B421-A874241A2B01}.Debug|x86.ActiveCfg = Debug|Win32
		{A1F1E2C3-2E8C-496A-B421-A874241A2B01}.Debug|x86.Build.0 = Debug|Win32
		{A1F1E2C3-2E8C-496A-B421-A874241A2B01}.Release|x64.ActiveCfg = Release|x64
		{A1F1E2C3-2E8C-496A-B421-A874241A2B01}.Release|x64.Build.0 = Release|x64
		{A1F1E2C3-2E8C-496A-B421-A874241A2B01}.Release|x86.ActiveCfg = Release|Win32
		{A1F1E2C3-2E8C-496A-B421-A874241A2B01}.Release|x86.Build.0 = Release|Win32
		{368F820F-4FFF-4D5D-90C2-B1D93210F26E}.Debug|x64.ActiveCfg = Debug|x64
		{368F820F-4FFF-4D5D-90C2-B1D93210F26E}.Debug|x64.Build.0 = Debug|x64
		{368F820F-4FFF-4D5D-90C2-B1D93210F26E}.Debug|x86.ActiveCfg = Debug|Win32
		{368F820F-4FFF-4D5D-90C2-B1D93210F26E}.Debug|x86.Build.0 = Debug|Win32
		{368F820F-4FFF-4D5D-90C2-B1D93210F26E}.Release|x64.ActiveCfg = Release|x64
		{368F820F-4FFF-4D5D-90C2-B1D93210F26E}.Release|x64.Build.0 = Release|x64
		{368F820F-4FFF-4D5D-90C2-B1D93210F26E}.Release|x86.ActiveCfg = Release|Win32
		{368F820F-4FFF-4D5D-90C2-B1D93210F26E}.Release|x86.Build.0 = Release|Win32
		{F8D58DBB-D0B9-4B67-BC6F-F347E16D9209}.Debug|x64.ActiveCfg = Debug|x64
		{F8D58DBB-D0B9-4B67-BC6F-F347E16D9209}.Debug|x64.Build.0 = Debug|x64
		{F8D58DBB-D0B9-4B67-BC6F-F347E16D9209}.Debug|x86.ActiveCfg = Debug|Win32
		{F8D58DBB-D0B9-4B67-BC6F-F347E16D9209}.Debug|x86.Build.0 = Debug|Win32
		{F8D58DBB-D0B9-4B67-BC6F-F347E16D9209}.Release|x64.ActiveCfg = Release|x64
		{F8D58DBB-D0B9-4B67-BC6F-F347E16D9209}.Release|x64.Build.0 = Release|x64
		{F8D58DBB-D0B9-4B67-BC6F-F347E16D9209}.Release|x86.ActiveCfg = Release|Win32
		{F8D58DBB-D0B9-4B67-BC6F-F347E16D9209}.Release|x86.Build.0 = Release|Win32
		{427E3D59-D0E1-45EE-B142-3FE07784275C}.Debug|x64.ActiveCfg = Debug|x64
		{427E3D59-D0E1-45EE-B142-3FE07784275C}.Debug|x64.Build.0 = Debug|x64
		{427E3D59-D0E1-45EE-B142-3FE07784275C}.Debug|x86.ActiveCfg = Debug|Win32
		{427E3D59-D0E1-45EE-B142-3FE07784275C}.Debug|x86.Build.0 = Debug|Win32
		{427E3D59-D0E1-45EE-B142-3FE07784275C}.Release|x64.ActiveCfg = Release|x64
		{427E3D59-D0E1-45EE-B142-3FE07784275C}.Release|x64.Build.0 = Release|x64
		{427E3D59-D0E1-45EE-B142-3FE07784275C}.Release|x86.ActiveCfg = Release|Win32
		{427E3D59-D0E1-45EE-B142-3FE07784275C}.Release|x86.Build.0 = Release|Win32
	EndGlobalSection
	GlobalSection(SolutionProperties) = preSolution
		HideSolutionNode = FALSE
	EndGlobalSection
	GlobalSection(ExtensibilityGlobals) = postSolution
		SolutionGuid = {1ABFB21B-5D8F-4AF7-A4F8-E06F2ED30C2A}
	EndGlobalSection
EndGlobal
