
Microsoft Visual Studio Solution File, Format Version 12.00
# Visual Studio Version 18
VisualStudioVersion = 18.1.11312.151
MinimumVisualStudioVersion = 10.0.40219.1
Project("{8BC9CEB8-8B4A-11D0-8D11-00A0C91BC942}") = "Program", "Program.vcxproj", "{A1F1E2C3-2E8C-496A-B421-A874241A2B01}"
EndProject
Project("{8BC9CEB8-8B4A-11D0-8D11-00A0C91BC942}") = "Class1th (Compile)", "..\Class1th (Compile)\Class1th (Compile).vcxproj", "{368F820F-4FFF-4D5D-90C2-B1D93210F26E}"
EndProject
Project("{8BC9CEB8-8B4A-11D0-8D11-00A0C91BC942}") = "Class2th (Variable & Constant)", "..\Class2th (Variable & Constant)\Class2th (Variable & Constant).vcxproj", "{F8D58DBB-D0B9-4B67-BC6F-F347E16D9209}"
EndProject
Project("{8BC9CEB8-8B4A-11D0-8D11-00A0C91BC942}") = "Class3th (Bit)", "..\Class3th (Bit)\Class3th (Bit).vcxproj", "{427E3D59-D0E1-45EE-B142-3FE07784275C}"
EndProject
Project("{8BC9CEB8-8B4A-11D0-8D11-00A0C91BC942}") = "Class4th (Overflow & Underflow)", "..\Class4th (Overflow & Underflow)\Class4th (Overflow & Underflow).vcxproj", "{1614393C-84ED-49A7-9E62-01E5C6970F58}"
EndProject
Project("{8BC9CEB8-8B4A-11D0-8D11-00A0C91BC942}") = "Class5th (Conditional Statement)", "..\Class5th (Conditional Statement)\Class5th (Conditional Statement).vcxproj", "{1F3AA44D-FC9E-42C0-859F-38F497743D78}"
EndProject
Project("{8BC9CEB8-8B4A-11D0-8D11-00A0C91BC942}") = "Class6th (Iteration Statement)", "..\Class6th (Iteration Statement)\Class6th (Iteration Statement).vcxproj", "{883D90B0-348C-4E3D-8FCF-D690E823CCB1}"
EndProject
Project("{8BC9CEB8-8B4A-11D0-8D11-00A0C91BC942}") = "Class7th (Type Conversion)", "..\Class7th (Type Conversion)\Class7th (Type Conversion).vcxproj", "{AC2A161A-E35D-4DCF-B099-DC33D31FE723}"
EndProject
Project("{8BC9CEB8-8B4A-11D0-8D11-00A0C91BC942}") = "Class8th (Pointer)", "..\Class8th (Pointer)\Class8th (Pointer).vcxproj", "{16DBE725-44F7-476A-82ED-3E92AF6CBADD}"
EndProject
Project("{8BC9CEB8-8B4A-11D0-8D11-00A0C91BC942}") = "Class9th (Array)", "..\Class9th (Array)\Class9th (Array).vcxproj", "{8C034DF3-C4B7-4EE4-8B90-FE288AF522BE}"
EndProject
Global
	GlobalSection(SolutionConfigurationPlatforms) = preSolution
		Debug|x64 = Debug|x64
		Debug|x86 = Debug|x86
		Release|x64 = Release|x64
		Release|x86 = Release|x86
	EndGlobalSection
	GlobalSection(ProjectConfigurationPlatforms) = postSolution
		{A1F1E2C3-2E8C-496A-B421-A874241A2B01}.Debug|x64.ActiveCfg = Debug|x64
		{A1F1E2C3-2E8C-496A-B421-A874241A2B01}.Debug|x64.Build.0 = Debug|x64
		{A1F1E2C3-2E8C-496A-B421-A874241A2B01}.Debug|x86.ActiveCfg = Debug|Win32
		{A1F1E2C3-2E8C-496A-B421-A874241A2B01}.Debug|x86.Build.0 = Debug|Win32
		{A1F1E2C3-2E8C-496A-B421-A874241A2B01}.Release|x64.ActiveCfg = Release|x64
		{A1F1E2C3-2E8C-496A-B421-A874241A2B01}.Release|x64.Build.0 = Release|x64
		{A1F1E2C3-2E8C-496A-B421-A874241A2B01}.Release|x86.ActiveCfg = Release|Win32
		{A1F1E2C3-2E8C-496A-B421-A874241A2B01}.Release|x86.Build.0 = Release|Win32
		{368F820F-4FFF-4D5D-90C2-B1D93210F26E}.Debug|x64.ActiveCfg = Debug|x64
		{368F820F-4FFF-4D5D-90C2-B1D93210F26E}.Debug|x64.Build.0 = Debug|x64
		{368F820F-4FFF-4D5D-90C2-B1D93210F26E}.Debug|x86.ActiveCfg = Debug|Win32
		{368F820F-4FFF-4D5D-90C2-B1D93210F26E}.Debug|x86.Build.0 = Debug|Win32
		{368F820F-4FFF-4D5D-90C2-B1D93210F26E}.Release|x64.ActiveCfg = Release|x64
		{368F820F-4FFF-4D5D-90C2-B1D93210F26E}.Release|x64.Build.0 = Release|x64
		{368F820F-4FFF-4D5D-90C2-B1D93210F26E}.Release|x86.ActiveCfg = Release|Win32
		{368F820F-4FFF-4D5D-90C2-B1D93210F26E}.Release|x86.Build.0 = Release|Win32
		{F8D58DBB-D0B9-4B67-BC6F-F347E16D9209}.Debug|x64.ActiveCfg = Debug|x64
		{F8D58DBB-D0B9-4B67-BC6F-F347E16D9209}.Debug|x64.Build.0 = Debug|x64
		{F8D58DBB-D0B9-4B67-BC6F-F347E16D9209}.Debug|x86.ActiveCfg = Debug|Win32
		{F8D58DBB-D0B9-4B67-BC6F-F347E16D9209}.Debug|x86.Build.0 = Debug|Win32
		{F8D58DBB-D0B9-4B67-BC6F-F347E16D9209}.Release|x64.ActiveCfg = Release|x64
		{F8D58DBB-D0B9-4B67-BC6F-F347E16D9209}.Release|x64.Build.0 = Release|x64
		{F8D58DBB-D0B9-4B67-BC6F-F347E16D9209}.Release|x86.ActiveCfg = Release|Win32
		{F8D58DBB-D0B9-4B67-BC6F-F347E16D9209}.Release|x86.Build.0 = Release|Win32
		{427E3D59-D0E1-45EE-B142-3FE07784275C}.Debug|x64.ActiveCfg = Debug|x64
		{427E3D59-D0E1-45EE-B142-3FE07784275C}.Debug|x64.Build.0 = Debug|x64
		{427E3D59-D0E1-45EE-B142-3FE07784275C}.Debug|x86.ActiveCfg = Debug|Win32
		{427E3D59-D0E1-45EE-B142-3FE07784275C}.Debug|x86.Build.0 = Debug|Win32
		{427E3D59-D0E1-45EE-B142-3FE07784275C}.Release|x64.ActiveCfg = Release|x64
		{427E3D59-D0E1-45EE-B142-3FE07784275C}.Release|x64.Build.0 = Release|x64
		{427E3D59-D0E1-45EE-B142-3FE07784275C}.Release|x86.ActiveCfg = Release|Win32
		{427E3D59-D0E1-45EE-B142-3FE07784275C}.Release|x86.Build.0 = Release|Win32
		{1614393C-84ED-49A7-9E62-01E5C6970F58}.Debug|x64.ActiveCfg = Debug|x64
		{1614393C-84ED-49A7-9E62-01E5C6970F58}.Debug|x64.Build.0 = Debug|x64
		{1614393C-84ED-49A7-9E62-01E5C6970F58}.Debug|x86.ActiveCfg = Debug|Win32
		{1614393C-84ED-49A7-9E62-01E5C6970F58}.Debug|x86.Build.0 = Debug|Win32
		{1614393C-84ED-49A7-9E62-01E5C6970F58}.Release|x64.ActiveCfg = Release|x64
		{1614393C-84ED-49A7-9E62-01E5C6970F58}.Release|x64.Build.0 = Release|x64
		{1614393C-84ED-49A7-9E62-01E5C6970F58}.Release|x86.ActiveCfg = Release|Win32
		{1614393C-84ED-49A7-9E62-01E5C6970F58}.Release|x86.Build.0 = Release|Win32
		{1F3AA44D-FC9E-42C0-859F-38F497743D78}.Debug|x64.ActiveCfg = Debug|x64
		{1F3AA44D-FC9E-42C0-859F-38F497743D78}.Debug|x64.Build.0 = Debug|x64
		{1F3AA44D-FC9E-42C0-859F-38F497743D78}.Debug|x86.ActiveCfg = Debug|Win32
		{1F3AA44D-FC9E-42C0-859F-38F497743D78}.Debug|x86.Build.0 = Debug|Win32
		{1F3AA44D-FC9E-42C0-859F-38F497743D78}.Release|x64.ActiveCfg = Release|x64
		{1F3AA44D-FC9E-42C0-859F-38F497743D78}.Release|x64.Build.0 = Release|x64
		{1F3AA44D-FC9E-42C0-859F-38F497743D78}.Release|x86.ActiveCfg = Release|Win32
		{1F3AA44D-FC9E-42C0-859F-38F497743D78}.Release|x86.Build.0 = Release|Win32
		{883D90B0-348C-4E3D-8FCF-D690E823CCB1}.Debug|x64.ActiveCfg = Debug|x64
		{883D90B0-348C-4E3D-8FCF-D690E823CCB1}.Debug|x64.Build.0 = Debug|x64
		{883D90B0-348C-4E3D-8FCF-D690E823CCB1}.Debug|x86.ActiveCfg = Debug|Win32
		{883D90B0-348C-4E3D-8FCF-D690E823CCB1}.Debug|x86.Build.0 = Debug|Win32
		{883D90B0-348C-4E3D-8FCF-D690E823CCB1}.Release|x64.ActiveCfg = Release|x64
		{883D90B0-348C-4E3D-8FCF-D690E823CCB1}.Release|x64.Build.0 = Release|x64
		{883D90B0-348C-4E3D-8FCF-D690E823CCB1}.Release|x86.ActiveCfg = Release|Win32
		{883D90B0-348C-4E3D-8FCF-D690E823CCB1}.Release|x86.Build.0 = Release|Win32
		{AC2A161A-E35D-4DCF-B099-DC33D31FE723}.Debug|x64.ActiveCfg = Debug|x64
		{AC2A161A-E35D-4DCF-B099-DC33D31FE723}.Debug|x64.Build.0 = Debug|x64
		{AC2A161A-E35D-4DCF-B099-DC33D31FE723}.Debug|x86.ActiveCfg = Debug|Win32
		{AC2A161A-E35D-4DCF-B099-DC33D31FE723}.Debug|x86.Build.0 = Debug|Win32
		{AC2A161A-E35D-4DCF-B099-DC33D31FE723}.Release|x64.ActiveCfg = Release|x64
		{AC2A161A-E35D-4DCF-B099-DC33D31FE723}.Release|x64.Build.0 = Release|x64
		{AC2A161A-E35D-4DCF-B099-DC33D31FE723}.Release|x86.ActiveCfg = Release|Win32
		{AC2A161A-E35D-4DCF-B099-DC33D31FE723}.Release|x86.Build.0 = Release|Win32
		{16DBE725-44F7-476A-82ED-3E92AF6CBADD}.Debug|x64.ActiveCfg = Debug|x64
		{16DBE725-44F7-476A-82ED-3E92AF6CBADD}.Debug|x64.Build.0 = Debug|x64
		{16DBE725-44F7-476A-82ED-3E92AF6CBADD}.Debug|x86.ActiveCfg = Debug|Win32
		{16DBE725-44F7-476A-82ED-3E92AF6CBADD}.Debug|x86.Build.0 = Debug|Win32
		{16DBE725-44F7-476A-82ED-3E92AF6CBADD}.Release|x64.ActiveCfg = Release|x64
		{16DBE725-44F7-476A-82ED-3E92AF6CBADD}.Release|x64.Build.0 = Release|x64
		{16DBE725-44F7-476A-82ED-3E92AF6CBADD}.Release|x86.ActiveCfg = Release|Win32
		{16DBE725-44F7-476A-82ED-3E92AF6CBADD}.Release|x86.Build.0 = Release|Win32
		{8C034DF3-C4B7-4EE4-8B90-FE288AF522BE}.Debug|x64.ActiveCfg = Debug|x64
		{8C034DF3-C4B7-4EE4-8B90-FE288AF522BE}.Debug|x64.Build.0 = Debug|x64
		{8C034DF3-C4B7-4EE4-8B90-FE288AF522BE}.Debug|x86.ActiveCfg = Debug|Win32
		{8C034DF3-C4B7-4EE4-8B90-FE288AF522BE}.Debug|x86.Build.0 = Debug|Win32
		{8C034DF3-C4B7-4EE4-8B90-FE288AF522BE}.Release|x64.ActiveCfg = Release|x64
		{8C034DF3-C4B7-4EE4-8B90-FE288AF522BE}.Release|x64.Build.0 = Release|x64
		{8C034DF3-C4B7-4EE4-8B90-FE288AF522BE}.Release|x86.ActiveCfg = Release|Win32
		{8C034DF3-C4B7-4EE4-8B90-FE288AF522BE}.Release|x86.Build.0 = Release|Win32
	EndGlobalSection
	GlobalSection(SolutionProperties) = preSolution
		HideSolutionNode = FALSE
	EndGlobalSection
	GlobalSection(ExtensibilityGlobals) = postSolution
		SolutionGuid = {1ABFB21B-5D8F-4AF7-A4F8-E06F2ED30C2A}
	EndGlobalSection
EndGlobal
